// !$*UTF8*$!
{
	archiveVersion = 1;
	classes = {
	};
	objectVersion = 51;
	objects = {

/* Begin PBXBuildFile section */
		180922862403993E0073E3F9 /* Alertable.swift in Sources */ = {isa = PBXBuildFile; fileRef = 180922852403993E0073E3F9 /* Alertable.swift */; };
		1809228C2403AF1A0073E3F9 /* UserDefaultValues.swift in Sources */ = {isa = PBXBuildFile; fileRef = 1809228B2403AF1A0073E3F9 /* UserDefaultValues.swift */; };
		18FE54482402D4B700B6307E /* AppDelegate.swift in Sources */ = {isa = PBXBuildFile; fileRef = 18FE54472402D4B700B6307E /* AppDelegate.swift */; };
		18FE544A2402D4B700B6307E /* SceneDelegate.swift in Sources */ = {isa = PBXBuildFile; fileRef = 18FE54492402D4B700B6307E /* SceneDelegate.swift */; };
		18FE544C2402D4B700B6307E /* ViewController.swift in Sources */ = {isa = PBXBuildFile; fileRef = 18FE544B2402D4B700B6307E /* ViewController.swift */; };
		18FE544F2402D4B700B6307E /* Main.storyboard in Resources */ = {isa = PBXBuildFile; fileRef = 18FE544D2402D4B700B6307E /* Main.storyboard */; };
		18FE54512402D4BD00B6307E /* Assets.xcassets in Resources */ = {isa = PBXBuildFile; fileRef = 18FE54502402D4BD00B6307E /* Assets.xcassets */; };
		18FE54542402D4BD00B6307E /* LaunchScreen.storyboard in Resources */ = {isa = PBXBuildFile; fileRef = 18FE54522402D4BD00B6307E /* LaunchScreen.storyboard */; };
		18FE545F2402D4BD00B6307E /* NoteWithFireStoreTests.swift in Sources */ = {isa = PBXBuildFile; fileRef = 18FE545E2402D4BD00B6307E /* NoteWithFireStoreTests.swift */; };
		18FE546A2402D4BD00B6307E /* NoteWithFireStoreUITests.swift in Sources */ = {isa = PBXBuildFile; fileRef = 18FE54692402D4BD00B6307E /* NoteWithFireStoreUITests.swift */; };
		18FE547A2402D73D00B6307E /* GoogleService-Info.plist in Resources */ = {isa = PBXBuildFile; fileRef = 18FE54792402D73D00B6307E /* GoogleService-Info.plist */; };
		18FE54802402DD6800B6307E /* UserModel.swift in Sources */ = {isa = PBXBuildFile; fileRef = 18FE547F2402DD6800B6307E /* UserModel.swift */; };
		18FE54822402DD7F00B6307E /* FireBaseProxy.swift in Sources */ = {isa = PBXBuildFile; fileRef = 18FE54812402DD7E00B6307E /* FireBaseProxy.swift */; };
		18FE54842402DD8A00B6307E /* NoteModel.swift in Sources */ = {isa = PBXBuildFile; fileRef = 18FE54832402DD8A00B6307E /* NoteModel.swift */; };
		18FE54862402DDAA00B6307E /* LoginViewModel.swift in Sources */ = {isa = PBXBuildFile; fileRef = 18FE54852402DDAA00B6307E /* LoginViewModel.swift */; };
		18FE54882402DDD400B6307E /* SignUpViewModel.swift in Sources */ = {isa = PBXBuildFile; fileRef = 18FE54872402DDD400B6307E /* SignUpViewModel.swift */; };
		18FE548A2402DDE300B6307E /* NoteViewModel.swift in Sources */ = {isa = PBXBuildFile; fileRef = 18FE54892402DDE300B6307E /* NoteViewModel.swift */; };
		18FE548C2402DDF700B6307E /* NoteDetailViewModel.swift in Sources */ = {isa = PBXBuildFile; fileRef = 18FE548B2402DDF700B6307E /* NoteDetailViewModel.swift */; };
		18FE548E2402DE0900B6307E /* CreateNoteViewModel.swift in Sources */ = {isa = PBXBuildFile; fileRef = 18FE548D2402DE0900B6307E /* CreateNoteViewModel.swift */; };
		18FE54902402DE1A00B6307E /* SetPasscodeViewModel.swift in Sources */ = {isa = PBXBuildFile; fileRef = 18FE548F2402DE1A00B6307E /* SetPasscodeViewModel.swift */; };
		18FE54922402DE3D00B6307E /* LoginViewController.swift in Sources */ = {isa = PBXBuildFile; fileRef = 18FE54912402DE3D00B6307E /* LoginViewController.swift */; };
		18FE54942402DE4F00B6307E /* SignUpViewController.swift in Sources */ = {isa = PBXBuildFile; fileRef = 18FE54932402DE4E00B6307E /* SignUpViewController.swift */; };
		18FE54962402DE6000B6307E /* NoteViewController.swift in Sources */ = {isa = PBXBuildFile; fileRef = 18FE54952402DE6000B6307E /* NoteViewController.swift */; };
		18FE54982402DE7E00B6307E /* NoteTableViewCell.swift in Sources */ = {isa = PBXBuildFile; fileRef = 18FE54972402DE7E00B6307E /* NoteTableViewCell.swift */; };
		18FE549A2402DE9A00B6307E /* NoteDetailViewController.swift in Sources */ = {isa = PBXBuildFile; fileRef = 18FE54992402DE9A00B6307E /* NoteDetailViewController.swift */; };
		18FE549C2402DEA600B6307E /* CreateNoteViewController.swift in Sources */ = {isa = PBXBuildFile; fileRef = 18FE549B2402DEA600B6307E /* CreateNoteViewController.swift */; };
		18FE549E2402DEB400B6307E /* SetPasscodeViewController.swift in Sources */ = {isa = PBXBuildFile; fileRef = 18FE549D2402DEB400B6307E /* SetPasscodeViewController.swift */; };
		505A87BA721BD9176167C5D3 /* Pods_NoteWithFireStoreTests.framework in Frameworks */ = {isa = PBXBuildFile; fileRef = 0F977FCC9A7FFD0B4975EF7B /* Pods_NoteWithFireStoreTests.framework */; };
		61C24A04AD8FAC18FAFC2052 /* Pods_NoteWithFireStore.framework in Frameworks */ = {isa = PBXBuildFile; fileRef = 8E5A360CC54616E28E87B5F3 /* Pods_NoteWithFireStore.framework */; };
		8FC9359C23AEF73C55FC3FA5 /* Pods_NoteWithFireStore_NoteWithFireStoreUITests.framework in Frameworks */ = {isa = PBXBuildFile; fileRef = E69D1359A337B20A700C358E /* Pods_NoteWithFireStore_NoteWithFireStoreUITests.framework */; };
/* End PBXBuildFile section */

/* Begin PBXContainerItemProxy section */
		18FE545B2402D4BD00B6307E /* PBXContainerItemProxy */ = {
			isa = PBXContainerItemProxy;
			containerPortal = 18FE543C2402D4B600B6307E /* Project object */;
			proxyType = 1;
			remoteGlobalIDString = 18FE54432402D4B700B6307E;
			remoteInfo = NoteWithFireStore;
		};
		18FE54662402D4BD00B6307E /* PBXContainerItemProxy */ = {
			isa = PBXContainerItemProxy;
			containerPortal = 18FE543C2402D4B600B6307E /* Project object */;
			proxyType = 1;
			remoteGlobalIDString = 18FE54432402D4B700B6307E;
			remoteInfo = NoteWithFireStore;
		};
/* End PBXContainerItemProxy section */

/* Begin PBXFileReference section */
		0F977FCC9A7FFD0B4975EF7B /* Pods_NoteWithFireStoreTests.framework */ = {isa = PBXFileReference; explicitFileType = wrapper.framework; includeInIndex = 0; path = Pods_NoteWithFireStoreTests.framework; sourceTree = BUILT_PRODUCTS_DIR; };
		180922852403993E0073E3F9 /* Alertable.swift */ = {isa = PBXFileReference; lastKnownFileType = sourcecode.swift; path = Alertable.swift; sourceTree = "<group>"; };
		1809228B2403AF1A0073E3F9 /* UserDefaultValues.swift */ = {isa = PBXFileReference; lastKnownFileType = sourcecode.swift; path = UserDefaultValues.swift; sourceTree = "<group>"; };
		18FE54442402D4B700B6307E /* NoteWithFireStore.app */ = {isa = PBXFileReference; explicitFileType = wrapper.application; includeInIndex = 0; path = NoteWithFireStore.app; sourceTree = BUILT_PRODUCTS_DIR; };
		18FE54472402D4B700B6307E /* AppDelegate.swift */ = {isa = PBXFileReference; lastKnownFileType = sourcecode.swift; path = AppDelegate.swift; sourceTree = "<group>"; };
		18FE54492402D4B700B6307E /* SceneDelegate.swift */ = {isa = PBXFileReference; lastKnownFileType = sourcecode.swift; path = SceneDelegate.swift; sourceTree = "<group>"; };
		18FE544B2402D4B700B6307E /* ViewController.swift */ = {isa = PBXFileReference; lastKnownFileType = sourcecode.swift; path = ViewController.swift; sourceTree = "<group>"; };
		18FE544E2402D4B700B6307E /* Base */ = {isa = PBXFileReference; lastKnownFileType = file.storyboard; name = Base; path = Base.lproj/Main.storyboard; sourceTree = "<group>"; };
		18FE54502402D4BD00B6307E /* Assets.xcassets */ = {isa = PBXFileReference; lastKnownFileType = folder.assetcatalog; path = Assets.xcassets; sourceTree = "<group>"; };
		18FE54532402D4BD00B6307E /* Base */ = {isa = PBXFileReference; lastKnownFileType = file.storyboard; name = Base; path = Base.lproj/LaunchScreen.storyboard; sourceTree = "<group>"; };
		18FE54552402D4BD00B6307E /* Info.plist */ = {isa = PBXFileReference; lastKnownFileType = text.plist.xml; path = Info.plist; sourceTree = "<group>"; };
		18FE545A2402D4BD00B6307E /* NoteWithFireStoreTests.xctest */ = {isa = PBXFileReference; explicitFileType = wrapper.cfbundle; includeInIndex = 0; path = NoteWithFireStoreTests.xctest; sourceTree = BUILT_PRODUCTS_DIR; };
		18FE545E2402D4BD00B6307E /* NoteWithFireStoreTests.swift */ = {isa = PBXFileReference; lastKnownFileType = sourcecode.swift; path = NoteWithFireStoreTests.swift; sourceTree = "<group>"; };
		18FE54602402D4BD00B6307E /* Info.plist */ = {isa = PBXFileReference; lastKnownFileType = text.plist.xml; path = Info.plist; sourceTree = "<group>"; };
		18FE54652402D4BD00B6307E /* NoteWithFireStoreUITests.xctest */ = {isa = PBXFileReference; explicitFileType = wrapper.cfbundle; includeInIndex = 0; path = NoteWithFireStoreUITests.xctest; sourceTree = BUILT_PRODUCTS_DIR; };
		18FE54692402D4BD00B6307E /* NoteWithFireStoreUITests.swift */ = {isa = PBXFileReference; lastKnownFileType = sourcecode.swift; path = NoteWithFireStoreUITests.swift; sourceTree = "<group>"; };
		18FE546B2402D4BD00B6307E /* Info.plist */ = {isa = PBXFileReference; lastKnownFileType = text.plist.xml; path = Info.plist; sourceTree = "<group>"; };
		18FE54792402D73D00B6307E /* GoogleService-Info.plist */ = {isa = PBXFileReference; fileEncoding = 4; lastKnownFileType = text.plist.xml; path = "GoogleService-Info.plist"; sourceTree = "<group>"; };
		18FE547F2402DD6800B6307E /* UserModel.swift */ = {isa = PBXFileReference; lastKnownFileType = sourcecode.swift; path = UserModel.swift; sourceTree = "<group>"; };
		18FE54812402DD7E00B6307E /* FireBaseProxy.swift */ = {isa = PBXFileReference; lastKnownFileType = sourcecode.swift; name = FireBaseProxy.swift; path = /Users/alicema/NoteWithFireStore/NoteWithFireStore/NoteWithFireStore/Model/FireBaseProxy.swift; sourceTree = "<absolute>"; };
		18FE54832402DD8A00B6307E /* NoteModel.swift */ = {isa = PBXFileReference; lastKnownFileType = sourcecode.swift; path = NoteModel.swift; sourceTree = "<group>"; };
		18FE54852402DDAA00B6307E /* LoginViewModel.swift */ = {isa = PBXFileReference; lastKnownFileType = sourcecode.swift; path = LoginViewModel.swift; sourceTree = "<group>"; };
		18FE54872402DDD400B6307E /* SignUpViewModel.swift */ = {isa = PBXFileReference; lastKnownFileType = sourcecode.swift; path = SignUpViewModel.swift; sourceTree = "<group>"; };
		18FE54892402DDE300B6307E /* NoteViewModel.swift */ = {isa = PBXFileReference; lastKnownFileType = sourcecode.swift; path = NoteViewModel.swift; sourceTree = "<group>"; };
		18FE548B2402DDF700B6307E /* NoteDetailViewModel.swift */ = {isa = PBXFileReference; lastKnownFileType = sourcecode.swift; path = NoteDetailViewModel.swift; sourceTree = "<group>"; };
		18FE548D2402DE0900B6307E /* CreateNoteViewModel.swift */ = {isa = PBXFileReference; lastKnownFileType = sourcecode.swift; path = CreateNoteViewModel.swift; sourceTree = "<group>"; };
		18FE548F2402DE1A00B6307E /* SetPasscodeViewModel.swift */ = {isa = PBXFileReference; lastKnownFileType = sourcecode.swift; path = SetPasscodeViewModel.swift; sourceTree = "<group>"; };
		18FE54912402DE3D00B6307E /* LoginViewController.swift */ = {isa = PBXFileReference; lastKnownFileType = sourcecode.swift; path = LoginViewController.swift; sourceTree = "<group>"; };
		18FE54932402DE4E00B6307E /* SignUpViewController.swift */ = {isa = PBXFileReference; lastKnownFileType = sourcecode.swift; path = SignUpViewController.swift; sourceTree = "<group>"; };
		18FE54952402DE6000B6307E /* NoteViewController.swift */ = {isa = PBXFileReference; lastKnownFileType = sourcecode.swift; path = NoteViewController.swift; sourceTree = "<group>"; };
		18FE54972402DE7E00B6307E /* NoteTableViewCell.swift */ = {isa = PBXFileReference; lastKnownFileType = sourcecode.swift; path = NoteTableViewCell.swift; sourceTree = "<group>"; };
		18FE54992402DE9A00B6307E /* NoteDetailViewController.swift */ = {isa = PBXFileReference; lastKnownFileType = sourcecode.swift; path = NoteDetailViewController.swift; sourceTree = "<group>"; };
		18FE549B2402DEA600B6307E /* CreateNoteViewController.swift */ = {isa = PBXFileReference; lastKnownFileType = sourcecode.swift; path = CreateNoteViewController.swift; sourceTree = "<group>"; };
		18FE549D2402DEB400B6307E /* SetPasscodeViewController.swift */ = {isa = PBXFileReference; lastKnownFileType = sourcecode.swift; path = SetPasscodeViewController.swift; sourceTree = "<group>"; };
		41CE0D1E950FD607E02B57E4 /* Pods-NoteWithFireStore-NoteWithFireStoreUITests.debug.xcconfig */ = {isa = PBXFileReference; includeInIndex = 1; lastKnownFileType = text.xcconfig; name = "Pods-NoteWithFireStore-NoteWithFireStoreUITests.debug.xcconfig"; path = "Target Support Files/Pods-NoteWithFireStore-NoteWithFireStoreUITests/Pods-NoteWithFireStore-NoteWithFireStoreUITests.debug.xcconfig"; sourceTree = "<group>"; };
		4DDC271519E62E09A6391157 /* Pods-NoteWithFireStore.release.xcconfig */ = {isa = PBXFileReference; includeInIndex = 1; lastKnownFileType = text.xcconfig; name = "Pods-NoteWithFireStore.release.xcconfig"; path = "Target Support Files/Pods-NoteWithFireStore/Pods-NoteWithFireStore.release.xcconfig"; sourceTree = "<group>"; };
		6784C23BA5B913AE16B73644 /* Pods-NoteWithFireStoreTests.debug.xcconfig */ = {isa = PBXFileReference; includeInIndex = 1; lastKnownFileType = text.xcconfig; name = "Pods-NoteWithFireStoreTests.debug.xcconfig"; path = "Target Support Files/Pods-NoteWithFireStoreTests/Pods-NoteWithFireStoreTests.debug.xcconfig"; sourceTree = "<group>"; };
		8E5A360CC54616E28E87B5F3 /* Pods_NoteWithFireStore.framework */ = {isa = PBXFileReference; explicitFileType = wrapper.framework; includeInIndex = 0; path = Pods_NoteWithFireStore.framework; sourceTree = BUILT_PRODUCTS_DIR; };
		C380780555667AD0D6CBA67E /* Pods-NoteWithFireStore-NoteWithFireStoreUITests.release.xcconfig */ = {isa = PBXFileReference; includeInIndex = 1; lastKnownFileType = text.xcconfig; name = "Pods-NoteWithFireStore-NoteWithFireStoreUITests.release.xcconfig"; path = "Target Support Files/Pods-NoteWithFireStore-NoteWithFireStoreUITests/Pods-NoteWithFireStore-NoteWithFireStoreUITests.release.xcconfig"; sourceTree = "<group>"; };
		E69D1359A337B20A700C358E /* Pods_NoteWithFireStore_NoteWithFireStoreUITests.framework */ = {isa = PBXFileReference; explicitFileType = wrapper.framework; includeInIndex = 0; path = Pods_NoteWithFireStore_NoteWithFireStoreUITests.framework; sourceTree = BUILT_PRODUCTS_DIR; };
		E9DFF3681ED73EFD7D714CEE /* Pods-NoteWithFireStore.debug.xcconfig */ = {isa = PBXFileReference; includeInIndex = 1; lastKnownFileType = text.xcconfig; name = "Pods-NoteWithFireStore.debug.xcconfig"; path = "Target Support Files/Pods-NoteWithFireStore/Pods-NoteWithFireStore.debug.xcconfig"; sourceTree = "<group>"; };
		F31FCC45830ED1826889595F /* Pods-NoteWithFireStoreTests.release.xcconfig */ = {isa = PBXFileReference; includeInIndex = 1; lastKnownFileType = text.xcconfig; name = "Pods-NoteWithFireStoreTests.release.xcconfig"; path = "Target Support Files/Pods-NoteWithFireStoreTests/Pods-NoteWithFireStoreTests.release.xcconfig"; sourceTree = "<group>"; };
/* End PBXFileReference section */

/* Begin PBXFrameworksBuildPhase section */
		18FE54412402D4B700B6307E /* Frameworks */ = {
			isa = PBXFrameworksBuildPhase;
			buildActionMask = 2147483647;
			files = (
				61C24A04AD8FAC18FAFC2052 /* Pods_NoteWithFireStore.framework in Frameworks */,
			);
			runOnlyForDeploymentPostprocessing = 0;
		};
		18FE54572402D4BD00B6307E /* Frameworks */ = {
			isa = PBXFrameworksBuildPhase;
			buildActionMask = 2147483647;
			files = (
				505A87BA721BD9176167C5D3 /* Pods_NoteWithFireStoreTests.framework in Frameworks */,
			);
			runOnlyForDeploymentPostprocessing = 0;
		};
		18FE54622402D4BD00B6307E /* Frameworks */ = {
			isa = PBXFrameworksBuildPhase;
			buildActionMask = 2147483647;
			files = (
				8FC9359C23AEF73C55FC3FA5 /* Pods_NoteWithFireStore_NoteWithFireStoreUITests.framework in Frameworks */,
			);
			runOnlyForDeploymentPostprocessing = 0;
		};
/* End PBXFrameworksBuildPhase section */

/* Begin PBXGroup section */
		16BE4437543592317B70B604 /* Pods */ = {
			isa = PBXGroup;
			children = (
				E9DFF3681ED73EFD7D714CEE /* Pods-NoteWithFireStore.debug.xcconfig */,
				4DDC271519E62E09A6391157 /* Pods-NoteWithFireStore.release.xcconfig */,
				41CE0D1E950FD607E02B57E4 /* Pods-NoteWithFireStore-NoteWithFireStoreUITests.debug.xcconfig */,
				C380780555667AD0D6CBA67E /* Pods-NoteWithFireStore-NoteWithFireStoreUITests.release.xcconfig */,
				6784C23BA5B913AE16B73644 /* Pods-NoteWithFireStoreTests.debug.xcconfig */,
				F31FCC45830ED1826889595F /* Pods-NoteWithFireStoreTests.release.xcconfig */,
			);
			path = Pods;
			sourceTree = "<group>";
		};
		18092282240398F80073E3F9 /* Utils */ = {
			isa = PBXGroup;
			children = (
				180922852403993E0073E3F9 /* Alertable.swift */,
				1809228B2403AF1A0073E3F9 /* UserDefaultValues.swift */,
			);
			path = Utils;
			sourceTree = "<group>";
		};
		18FE543B2402D4B600B6307E = {
			isa = PBXGroup;
			children = (
				18FE54462402D4B700B6307E /* NoteWithFireStore */,
				18FE545D2402D4BD00B6307E /* NoteWithFireStoreTests */,
				18FE54682402D4BD00B6307E /* NoteWithFireStoreUITests */,
				18FE54452402D4B700B6307E /* Products */,
				16BE4437543592317B70B604 /* Pods */,
				871201ED7889C24FC52FC9C1 /* Frameworks */,
			);
			sourceTree = "<group>";
		};
		18FE54452402D4B700B6307E /* Products */ = {
			isa = PBXGroup;
			children = (
				18FE54442402D4B700B6307E /* NoteWithFireStore.app */,
				18FE545A2402D4BD00B6307E /* NoteWithFireStoreTests.xctest */,
				18FE54652402D4BD00B6307E /* NoteWithFireStoreUITests.xctest */,
			);
			name = Products;
			sourceTree = "<group>";
		};
		18FE54462402D4B700B6307E /* NoteWithFireStore */ = {
			isa = PBXGroup;
			children = (
				18092282240398F80073E3F9 /* Utils */,
				18FE547B2402DCA000B6307E /* ViewModel */,
				18FE547D2402DCDC00B6307E /* Model */,
				18FE547E2402DD1B00B6307E /* View */,
				18FE54472402D4B700B6307E /* AppDelegate.swift */,
				18FE54492402D4B700B6307E /* SceneDelegate.swift */,
				18FE544B2402D4B700B6307E /* ViewController.swift */,
				18FE544D2402D4B700B6307E /* Main.storyboard */,
				18FE54502402D4BD00B6307E /* Assets.xcassets */,
				18FE54522402D4BD00B6307E /* LaunchScreen.storyboard */,
				18FE54792402D73D00B6307E /* GoogleService-Info.plist */,
				18FE54552402D4BD00B6307E /* Info.plist */,
			);
			path = NoteWithFireStore;
			sourceTree = "<group>";
		};
		18FE545D2402D4BD00B6307E /* NoteWithFireStoreTests */ = {
			isa = PBXGroup;
			children = (
				18FE545E2402D4BD00B6307E /* NoteWithFireStoreTests.swift */,
				18FE54602402D4BD00B6307E /* Info.plist */,
			);
			path = NoteWithFireStoreTests;
			sourceTree = "<group>";
		};
		18FE54682402D4BD00B6307E /* NoteWithFireStoreUITests */ = {
			isa = PBXGroup;
			children = (
				18FE54692402D4BD00B6307E /* NoteWithFireStoreUITests.swift */,
				18FE546B2402D4BD00B6307E /* Info.plist */,
			);
			path = NoteWithFireStoreUITests;
			sourceTree = "<group>";
		};
		18FE547B2402DCA000B6307E /* ViewModel */ = {
			isa = PBXGroup;
			children = (
				18FE54852402DDAA00B6307E /* LoginViewModel.swift */,
				18FE54872402DDD400B6307E /* SignUpViewModel.swift */,
				18FE54892402DDE300B6307E /* NoteViewModel.swift */,
				18FE548B2402DDF700B6307E /* NoteDetailViewModel.swift */,
				18FE548D2402DE0900B6307E /* CreateNoteViewModel.swift */,
				18FE548F2402DE1A00B6307E /* SetPasscodeViewModel.swift */,
			);
			path = ViewModel;
			sourceTree = "<group>";
		};
		18FE547D2402DCDC00B6307E /* Model */ = {
			isa = PBXGroup;
			children = (
				18FE547F2402DD6800B6307E /* UserModel.swift */,
				18FE54812402DD7E00B6307E /* FireBaseProxy.swift */,
				18FE54832402DD8A00B6307E /* NoteModel.swift */,
			);
			path = Model;
			sourceTree = "<group>";
		};
		18FE547E2402DD1B00B6307E /* View */ = {
			isa = PBXGroup;
			children = (
				18FE54912402DE3D00B6307E /* LoginViewController.swift */,
				18FE54932402DE4E00B6307E /* SignUpViewController.swift */,
				18FE54952402DE6000B6307E /* NoteViewController.swift */,
				18FE54972402DE7E00B6307E /* NoteTableViewCell.swift */,
				18FE54992402DE9A00B6307E /* NoteDetailViewController.swift */,
				18FE549B2402DEA600B6307E /* CreateNoteViewController.swift */,
				18FE549D2402DEB400B6307E /* SetPasscodeViewController.swift */,
			);
			path = View;
			sourceTree = "<group>";
		};
		871201ED7889C24FC52FC9C1 /* Frameworks */ = {
			isa = PBXGroup;
			children = (
				8E5A360CC54616E28E87B5F3 /* Pods_NoteWithFireStore.framework */,
				E69D1359A337B20A700C358E /* Pods_NoteWithFireStore_NoteWithFireStoreUITests.framework */,
				0F977FCC9A7FFD0B4975EF7B /* Pods_NoteWithFireStoreTests.framework */,
			);
			name = Frameworks;
			sourceTree = "<group>";
		};
/* End PBXGroup section */

/* Begin PBXNativeTarget section */
		18FE54432402D4B700B6307E /* NoteWithFireStore */ = {
			isa = PBXNativeTarget;
			buildConfigurationList = 18FE546E2402D4BD00B6307E /* Build configuration list for PBXNativeTarget "NoteWithFireStore" */;
			buildPhases = (
				6EE731608AECFC744297D343 /* [CP] Check Pods Manifest.lock */,
				18FE54402402D4B700B6307E /* Sources */,
				18FE54412402D4B700B6307E /* Frameworks */,
				18FE54422402D4B700B6307E /* Resources */,
				A7E2487B5D70591F20B1B1E6 /* [CP] Embed Pods Frameworks */,
			);
			buildRules = (
			);
			dependencies = (
			);
			name = NoteWithFireStore;
			productName = NoteWithFireStore;
			productReference = 18FE54442402D4B700B6307E /* NoteWithFireStore.app */;
			productType = "com.apple.product-type.application";
		};
		18FE54592402D4BD00B6307E /* NoteWithFireStoreTests */ = {
			isa = PBXNativeTarget;
			buildConfigurationList = 18FE54712402D4BD00B6307E /* Build configuration list for PBXNativeTarget "NoteWithFireStoreTests" */;
			buildPhases = (
				32F67BBA8A8E2885A4A16A5A /* [CP] Check Pods Manifest.lock */,
				18FE54562402D4BD00B6307E /* Sources */,
				18FE54572402D4BD00B6307E /* Frameworks */,
				18FE54582402D4BD00B6307E /* Resources */,
			);
			buildRules = (
			);
			dependencies = (
				18FE545C2402D4BD00B6307E /* PBXTargetDependency */,
			);
			name = NoteWithFireStoreTests;
			productName = NoteWithFireStoreTests;
			productReference = 18FE545A2402D4BD00B6307E /* NoteWithFireStoreTests.xctest */;
			productType = "com.apple.product-type.bundle.unit-test";
		};
		18FE54642402D4BD00B6307E /* NoteWithFireStoreUITests */ = {
			isa = PBXNativeTarget;
			buildConfigurationList = 18FE54742402D4BD00B6307E /* Build configuration list for PBXNativeTarget "NoteWithFireStoreUITests" */;
			buildPhases = (
				66392CC96FE22EE27C8DF865 /* [CP] Check Pods Manifest.lock */,
				18FE54612402D4BD00B6307E /* Sources */,
				18FE54622402D4BD00B6307E /* Frameworks */,
				18FE54632402D4BD00B6307E /* Resources */,
				77F4051665FB963B86BDBB05 /* [CP] Embed Pods Frameworks */,
			);
			buildRules = (
			);
			dependencies = (
				18FE54672402D4BD00B6307E /* PBXTargetDependency */,
			);
			name = NoteWithFireStoreUITests;
			productName = NoteWithFireStoreUITests;
			productReference = 18FE54652402D4BD00B6307E /* NoteWithFireStoreUITests.xctest */;
			productType = "com.apple.product-type.bundle.ui-testing";
		};
/* End PBXNativeTarget section */

/* Begin PBXProject section */
		18FE543C2402D4B600B6307E /* Project object */ = {
			isa = PBXProject;
			attributes = {
				LastSwiftUpdateCheck = 1130;
				LastUpgradeCheck = 1130;
				ORGANIZATIONNAME = "Ma Alice";
				TargetAttributes = {
					18FE54432402D4B700B6307E = {
						CreatedOnToolsVersion = 11.3;
					};
					18FE54592402D4BD00B6307E = {
						CreatedOnToolsVersion = 11.3;
						TestTargetID = 18FE54432402D4B700B6307E;
					};
					18FE54642402D4BD00B6307E = {
						CreatedOnToolsVersion = 11.3;
						TestTargetID = 18FE54432402D4B700B6307E;
					};
				};
			};
			buildConfigurationList = 18FE543F2402D4B600B6307E /* Build configuration list for PBXProject "NoteWithFireStore" */;
			compatibilityVersion = "Xcode 9.3";
			developmentRegion = en;
			hasScannedForEncodings = 0;
			knownRegions = (
				en,
				Base,
			);
			mainGroup = 18FE543B2402D4B600B6307E;
			productRefGroup = 18FE54452402D4B700B6307E /* Products */;
			projectDirPath = "";
			projectRoot = "";
			targets = (
				18FE54432402D4B700B6307E /* NoteWithFireStore */,
				18FE54592402D4BD00B6307E /* NoteWithFireStoreTests */,
				18FE54642402D4BD00B6307E /* NoteWithFireStoreUITests */,
			);
		};
/* End PBXProject section */

/* Begin PBXResourcesBuildPhase section */
		18FE54422402D4B700B6307E /* Resources */ = {
			isa = PBXResourcesBuildPhase;
			buildActionMask = 2147483647;
			files = (
				18FE54542402D4BD00B6307E /* LaunchScreen.storyboard in Resources */,
				18FE547A2402D73D00B6307E /* GoogleService-Info.plist in Resources */,
				18FE54512402D4BD00B6307E /* Assets.xcassets in Resources */,
				18FE544F2402D4B700B6307E /* Main.storyboard in Resources */,
			);
			runOnlyForDeploymentPostprocessing = 0;
		};
		18FE54582402D4BD00B6307E /* Resources */ = {
			isa = PBXResourcesBuildPhase;
			buildActionMask = 2147483647;
			files = (
			);
			runOnlyForDeploymentPostprocessing = 0;
		};
		18FE54632402D4BD00B6307E /* Resources */ = {
			isa = PBXResourcesBuildPhase;
			buildActionMask = 2147483647;
			files = (
			);
			runOnlyForDeploymentPostprocessing = 0;
		};
/* End PBXResourcesBuildPhase section */

/* Begin PBXShellScriptBuildPhase section */
		32F67BBA8A8E2885A4A16A5A /* [CP] Check Pods Manifest.lock */ = {
			isa = PBXShellScriptBuildPhase;
			buildActionMask = 2147483647;
			files = (
			);
			inputFileListPaths = (
			);
			inputPaths = (
				"${PODS_PODFILE_DIR_PATH}/Podfile.lock",
				"${PODS_ROOT}/Manifest.lock",
			);
			name = "[CP] Check Pods Manifest.lock";
			outputFileListPaths = (
			);
			outputPaths = (
				"$(DERIVED_FILE_DIR)/Pods-NoteWithFireStoreTests-checkManifestLockResult.txt",
			);
			runOnlyForDeploymentPostprocessing = 0;
			shellPath = /bin/sh;
			shellScript = "diff \"${PODS_PODFILE_DIR_PATH}/Podfile.lock\" \"${PODS_ROOT}/Manifest.lock\" > /dev/null\nif [ $? != 0 ] ; then\n    # print error to STDERR\n    echo \"error: The sandbox is not in sync with the Podfile.lock. Run 'pod install' or update your CocoaPods installation.\" >&2\n    exit 1\nfi\n# This output is used by Xcode 'outputs' to avoid re-running this script phase.\necho \"SUCCESS\" > \"${SCRIPT_OUTPUT_FILE_0}\"\n";
			showEnvVarsInLog = 0;
		};
		66392CC96FE22EE27C8DF865 /* [CP] Check Pods Manifest.lock */ = {
			isa = PBXShellScriptBuildPhase;
			buildActionMask = 2147483647;
			files = (
			);
			inputFileListPaths = (
			);
			inputPaths = (
				"${PODS_PODFILE_DIR_PATH}/Podfile.lock",
				"${PODS_ROOT}/Manifest.lock",
			);
			name = "[CP] Check Pods Manifest.lock";
			outputFileListPaths = (
			);
			outputPaths = (
				"$(DERIVED_FILE_DIR)/Pods-NoteWithFireStore-NoteWithFireStoreUITests-checkManifestLockResult.txt",
			);
			runOnlyForDeploymentPostprocessing = 0;
			shellPath = /bin/sh;
			shellScript = "diff \"${PODS_PODFILE_DIR_PATH}/Podfile.lock\" \"${PODS_ROOT}/Manifest.lock\" > /dev/null\nif [ $? != 0 ] ; then\n    # print error to STDERR\n    echo \"error: The sandbox is not in sync with the Podfile.lock. Run 'pod install' or update your CocoaPods installation.\" >&2\n    exit 1\nfi\n# This output is used by Xcode 'outputs' to avoid re-running this script phase.\necho \"SUCCESS\" > \"${SCRIPT_OUTPUT_FILE_0}\"\n";
			showEnvVarsInLog = 0;
		};
		6EE731608AECFC744297D343 /* [CP] Check Pods Manifest.lock */ = {
			isa = PBXShellScriptBuildPhase;
			buildActionMask = 2147483647;
			files = (
			);
			inputFileListPaths = (
			);
			inputPaths = (
				"${PODS_PODFILE_DIR_PATH}/Podfile.lock",
				"${PODS_ROOT}/Manifest.lock",
			);
			name = "[CP] Check Pods Manifest.lock";
			outputFileListPaths = (
			);
			outputPaths = (
				"$(DERIVED_FILE_DIR)/Pods-NoteWithFireStore-checkManifestLockResult.txt",
			);
			runOnlyForDeploymentPostprocessing = 0;
			shellPath = /bin/sh;
			shellScript = "diff \"${PODS_PODFILE_DIR_PATH}/Podfile.lock\" \"${PODS_ROOT}/Manifest.lock\" > /dev/null\nif [ $? != 0 ] ; then\n    # print error to STDERR\n    echo \"error: The sandbox is not in sync with the Podfile.lock. Run 'pod install' or update your CocoaPods installation.\" >&2\n    exit 1\nfi\n# This output is used by Xcode 'outputs' to avoid re-running this script phase.\necho \"SUCCESS\" > \"${SCRIPT_OUTPUT_FILE_0}\"\n";
			showEnvVarsInLog = 0;
		};
		77F4051665FB963B86BDBB05 /* [CP] Embed Pods Frameworks */ = {
			isa = PBXShellScriptBuildPhase;
			buildActionMask = 2147483647;
			files = (
			);
			inputFileListPaths = (
				"${PODS_ROOT}/Target Support Files/Pods-NoteWithFireStore-NoteWithFireStoreUITests/Pods-NoteWithFireStore-NoteWithFireStoreUITests-frameworks-${CONFIGURATION}-input-files.xcfilelist",
			);
			name = "[CP] Embed Pods Frameworks";
			outputFileListPaths = (
				"${PODS_ROOT}/Target Support Files/Pods-NoteWithFireStore-NoteWithFireStoreUITests/Pods-NoteWithFireStore-NoteWithFireStoreUITests-frameworks-${CONFIGURATION}-output-files.xcfilelist",
			);
			runOnlyForDeploymentPostprocessing = 0;
			shellPath = /bin/sh;
			shellScript = "\"${PODS_ROOT}/Target Support Files/Pods-NoteWithFireStore-NoteWithFireStoreUITests/Pods-NoteWithFireStore-NoteWithFireStoreUITests-frameworks.sh\"\n";
			showEnvVarsInLog = 0;
		};
		A7E2487B5D70591F20B1B1E6 /* [CP] Embed Pods Frameworks */ = {
			isa = PBXShellScriptBuildPhase;
			buildActionMask = 2147483647;
			files = (
			);
			inputFileListPaths = (
				"${PODS_ROOT}/Target Support Files/Pods-NoteWithFireStore/Pods-NoteWithFireStore-frameworks-${CONFIGURATION}-input-files.xcfilelist",
			);
			name = "[CP] Embed Pods Frameworks";
			outputFileListPaths = (
				"${PODS_ROOT}/Target Support Files/Pods-NoteWithFireStore/Pods-NoteWithFireStore-frameworks-${CONFIGURATION}-output-files.xcfilelist",
			);
			runOnlyForDeploymentPostprocessing = 0;
			shellPath = /bin/sh;
			shellScript = "\"${PODS_ROOT}/Target Support Files/Pods-NoteWithFireStore/Pods-NoteWithFireStore-frameworks.sh\"\n";
			showEnvVarsInLog = 0;
		};
/* End PBXShellScriptBuildPhase section */

/* Begin PBXSourcesBuildPhase section */
		18FE54402402D4B700B6307E /* Sources */ = {
			isa = PBXSourcesBuildPhase;
			buildActionMask = 2147483647;
			files = (
				18FE544C2402D4B700B6307E /* ViewController.swift in Sources */,
				18FE54842402DD8A00B6307E /* NoteModel.swift in Sources */,
				18FE548A2402DDE300B6307E /* NoteViewModel.swift in Sources */,
				18FE54882402DDD400B6307E /* SignUpViewModel.swift in Sources */,
				18FE549C2402DEA600B6307E /* CreateNoteViewController.swift in Sources */,
				18FE54482402D4B700B6307E /* AppDelegate.swift in Sources */,
				18FE54822402DD7F00B6307E /* FireBaseProxy.swift in Sources */,
				18FE54802402DD6800B6307E /* UserModel.swift in Sources */,
				18FE54902402DE1A00B6307E /* SetPasscodeViewModel.swift in Sources */,
				18FE54942402DE4F00B6307E /* SignUpViewController.swift in Sources */,
				18FE548C2402DDF700B6307E /* NoteDetailViewModel.swift in Sources */,
				18FE544A2402D4B700B6307E /* SceneDelegate.swift in Sources */,
				18FE549A2402DE9A00B6307E /* NoteDetailViewController.swift in Sources */,
				18FE54982402DE7E00B6307E /* NoteTableViewCell.swift in Sources */,
				18FE54862402DDAA00B6307E /* LoginViewModel.swift in Sources */,
				180922862403993E0073E3F9 /* Alertable.swift in Sources */,
				18FE54922402DE3D00B6307E /* LoginViewController.swift in Sources */,
				18FE54962402DE6000B6307E /* NoteViewController.swift in Sources */,
				18FE549E2402DEB400B6307E /* SetPasscodeViewController.swift in Sources */,
				1809228C2403AF1A0073E3F9 /* UserDefaultValues.swift in Sources */,
				18FE548E2402DE0900B6307E /* CreateNoteViewModel.swift in Sources */,
			);
			runOnlyForDeploymentPostprocessing = 0;
		};
		18FE54562402D4BD00B6307E /* Sources */ = {
			isa = PBXSourcesBuildPhase;
			buildActionMask = 2147483647;
			files = (
				18FE545F2402D4BD00B6307E /* NoteWithFireStoreTests.swift in Sources */,
			);
			runOnlyForDeploymentPostprocessing = 0;
		};
		18FE54612402D4BD00B6307E /* Sources */ = {
			isa = PBXSourcesBuildPhase;
			buildActionMask = 2147483647;
			files = (
				18FE546A2402D4BD00B6307E /* NoteWithFireStoreUITests.swift in Sources */,
			);
			runOnlyForDeploymentPostprocessing = 0;
		};
/* End PBXSourcesBuildPhase section */

/* Begin PBXTargetDependency section */
		18FE545C2402D4BD00B6307E /* PBXTargetDependency */ = {
			isa = PBXTargetDependency;
			target = 18FE54432402D4B700B6307E /* NoteWithFireStore */;
			targetProxy = 18FE545B2402D4BD00B6307E /* PBXContainerItemProxy */;
		};
		18FE54672402D4BD00B6307E /* PBXTargetDependency */ = {
			isa = PBXTargetDependency;
			target = 18FE54432402D4B700B6307E /* NoteWithFireStore */;
			targetProxy = 18FE54662402D4BD00B6307E /* PBXContainerItemProxy */;
		};
/* End PBXTargetDependency section */

/* Begin PBXVariantGroup section */
		18FE544D2402D4B700B6307E /* Main.storyboard */ = {
			isa = PBXVariantGroup;
			children = (
				18FE544E2402D4B700B6307E /* Base */,
			);
			name = Main.storyboard;
			sourceTree = "<group>";
		};
		18FE54522402D4BD00B6307E /* LaunchScreen.storyboard */ = {
			isa = PBXVariantGroup;
			children = (
				18FE54532402D4BD00B6307E /* Base */,
			);
			name = LaunchScreen.storyboard;
			sourceTree = "<group>";
		};
/* End PBXVariantGroup section */

/* Begin XCBuildConfiguration section */
		18FE546C2402D4BD00B6307E /* Debug */ = {
			isa = XCBuildConfiguration;
			buildSettings = {
				ALWAYS_SEARCH_USER_PATHS = NO;
				CLANG_ANALYZER_NONNULL = YES;
				CLANG_ANALYZER_NUMBER_OBJECT_CONVERSION = YES_AGGRESSIVE;
				CLANG_CXX_LANGUAGE_STANDARD = "gnu++14";
				CLANG_CXX_LIBRARY = "libc++";
				CLANG_ENABLE_MODULES = YES;
				CLANG_ENABLE_OBJC_ARC = YES;
				CLANG_ENABLE_OBJC_WEAK = YES;
				CLANG_WARN_BLOCK_CAPTURE_AUTORELEASING = YES;
				CLANG_WARN_BOOL_CONVERSION = YES;
				CLANG_WARN_COMMA = YES;
				CLANG_WARN_CONSTANT_CONVERSION = YES;
				CLANG_WARN_DEPRECATED_OBJC_IMPLEMENTATIONS = YES;
				CLANG_WARN_DIRECT_OBJC_ISA_USAGE = YES_ERROR;
				CLANG_WARN_DOCUMENTATION_COMMENTS = YES;
				CLANG_WARN_EMPTY_BODY = YES;
				CLANG_WARN_ENUM_CONVERSION = YES;
				CLANG_WARN_INFINITE_RECURSION = YES;
				CLANG_WARN_INT_CONVERSION = YES;
				CLANG_WARN_NON_LITERAL_NULL_CONVERSION = YES;
				CLANG_WARN_OBJC_IMPLICIT_RETAIN_SELF = YES;
				CLANG_WARN_OBJC_LITERAL_CONVERSION = YES;
				CLANG_WARN_OBJC_ROOT_CLASS = YES_ERROR;
				CLANG_WARN_RANGE_LOOP_ANALYSIS = YES;
				CLANG_WARN_STRICT_PROTOTYPES = YES;
				CLANG_WARN_SUSPICIOUS_MOVE = YES;
				CLANG_WARN_UNGUARDED_AVAILABILITY = YES_AGGRESSIVE;
				CLANG_WARN_UNREACHABLE_CODE = YES;
				CLANG_WARN__DUPLICATE_METHOD_MATCH = YES;
				COPY_PHASE_STRIP = NO;
				DEBUG_INFORMATION_FORMAT = dwarf;
				ENABLE_STRICT_OBJC_MSGSEND = YES;
				ENABLE_TESTABILITY = YES;
				GCC_C_LANGUAGE_STANDARD = gnu11;
				GCC_DYNAMIC_NO_PIC = NO;
				GCC_NO_COMMON_BLOCKS = YES;
				GCC_OPTIMIZATION_LEVEL = 0;
				GCC_PREPROCESSOR_DEFINITIONS = (
					"DEBUG=1",
					"$(inherited)",
				);
				GCC_WARN_64_TO_32_BIT_CONVERSION = YES;
				GCC_WARN_ABOUT_RETURN_TYPE = YES_ERROR;
				GCC_WARN_UNDECLARED_SELECTOR = YES;
				GCC_WARN_UNINITIALIZED_AUTOS = YES_AGGRESSIVE;
				GCC_WARN_UNUSED_FUNCTION = YES;
				GCC_WARN_UNUSED_VARIABLE = YES;
				IPHONEOS_DEPLOYMENT_TARGET = 13.2;
				MTL_ENABLE_DEBUG_INFO = INCLUDE_SOURCE;
				MTL_FAST_MATH = YES;
				ONLY_ACTIVE_ARCH = YES;
				SDKROOT = iphoneos;
				SWIFT_ACTIVE_COMPILATION_CONDITIONS = DEBUG;
				SWIFT_OPTIMIZATION_LEVEL = "-Onone";
			};
			name = Debug;
		};
		18FE546D2402D4BD00B6307E /* Release */ = {
			isa = XCBuildConfiguration;
			buildSettings = {
				ALWAYS_SEARCH_USER_PATHS = NO;
				CLANG_ANALYZER_NONNULL = YES;
				CLANG_ANALYZER_NUMBER_OBJECT_CONVERSION = YES_AGGRESSIVE;
				CLANG_CXX_LANGUAGE_STANDARD = "gnu++14";
				CLANG_CXX_LIBRARY = "libc++";
				CLANG_ENABLE_MODULES = YES;
				CLANG_ENABLE_OBJC_ARC = YES;
				CLANG_ENABLE_OBJC_WEAK = YES;
				CLANG_WARN_BLOCK_CAPTURE_AUTORELEASING = YES;
				CLANG_WARN_BOOL_CONVERSION = YES;
				CLANG_WARN_COMMA = YES;
				CLANG_WARN_CONSTANT_CONVERSION = YES;
				CLANG_WARN_DEPRECATED_OBJC_IMPLEMENTATIONS = YES;
				CLANG_WARN_DIRECT_OBJC_ISA_USAGE = YES_ERROR;
				CLANG_WARN_DOCUMENTATION_COMMENTS = YES;
				CLANG_WARN_EMPTY_BODY = YES;
				CLANG_WARN_ENUM_CONVERSION = YES;
				CLANG_WARN_INFINITE_RECURSION = YES;
				CLANG_WARN_INT_CONVERSION = YES;
				CLANG_WARN_NON_LITERAL_NULL_CONVERSION = YES;
				CLANG_WARN_OBJC_IMPLICIT_RETAIN_SELF = YES;
				CLANG_WARN_OBJC_LITERAL_CONVERSION = YES;
				CLANG_WARN_OBJC_ROOT_CLASS = YES_ERROR;
				CLANG_WARN_RANGE_LOOP_ANALYSIS = YES;
				CLANG_WARN_STRICT_PROTOTYPES = YES;
				CLANG_WARN_SUSPICIOUS_MOVE = YES;
				CLANG_WARN_UNGUARDED_AVAILABILITY = YES_AGGRESSIVE;
				CLANG_WARN_UNREACHABLE_CODE = YES;
				CLANG_WARN__DUPLICATE_METHOD_MATCH = YES;
				COPY_PHASE_STRIP = NO;
				DEBUG_INFORMATION_FORMAT = "dwarf-with-dsym";
				ENABLE_NS_ASSERTIONS = NO;
				ENABLE_STRICT_OBJC_MSGSEND = YES;
				GCC_C_LANGUAGE_STANDARD = gnu11;
				GCC_NO_COMMON_BLOCKS = YES;
				GCC_WARN_64_TO_32_BIT_CONVERSION = YES;
				GCC_WARN_ABOUT_RETURN_TYPE = YES_ERROR;
				GCC_WARN_UNDECLARED_SELECTOR = YES;
				GCC_WARN_UNINITIALIZED_AUTOS = YES_AGGRESSIVE;
				GCC_WARN_UNUSED_FUNCTION = YES;
				GCC_WARN_UNUSED_VARIABLE = YES;
				IPHONEOS_DEPLOYMENT_TARGET = 13.2;
				MTL_ENABLE_DEBUG_INFO = NO;
				MTL_FAST_MATH = YES;
				SDKROOT = iphoneos;
				SWIFT_COMPILATION_MODE = wholemodule;
				SWIFT_OPTIMIZATION_LEVEL = "-O";
				VALIDATE_PRODUCT = YES;
			};
			name = Release;
		};
		18FE546F2402D4BD00B6307E /* Debug */ = {
			isa = XCBuildConfiguration;
			baseConfigurationReference = E9DFF3681ED73EFD7D714CEE /* Pods-NoteWithFireStore.debug.xcconfig */;
			buildSettings = {
				ASSETCATALOG_COMPILER_APPICON_NAME = AppIcon;
				CODE_SIGN_STYLE = Automatic;
				INFOPLIST_FILE = NoteWithFireStore/Info.plist;
				LD_RUNPATH_SEARCH_PATHS = (
					"$(inherited)",
					"@executable_path/Frameworks",
				);
				PRODUCT_BUNDLE_IDENTIFIER = RMIT.NoteWithFireStore;
				PRODUCT_NAME = "$(TARGET_NAME)";
				SWIFT_VERSION = 5.0;
				TARGETED_DEVICE_FAMILY = "1,2";
			};
			name = Debug;
		};
		18FE54702402D4BD00B6307E /* Release */ = {
			isa = XCBuildConfiguration;
			baseConfigurationReference = 4DDC271519E62E09A6391157 /* Pods-NoteWithFireStore.release.xcconfig */;
			buildSettings = {
				ASSETCATALOG_COMPILER_APPICON_NAME = AppIcon;
				CODE_SIGN_STYLE = Automatic;
				INFOPLIST_FILE = NoteWithFireStore/Info.plist;
				LD_RUNPATH_SEARCH_PATHS = (
					"$(inherited)",
					"@executable_path/Frameworks",
				);
				PRODUCT_BUNDLE_IDENTIFIER = RMIT.NoteWithFireStore;
				PRODUCT_NAME = "$(TARGET_NAME)";
				SWIFT_VERSION = 5.0;
				TARGETED_DEVICE_FAMILY = "1,2";
			};
			name = Release;
		};
		18FE54722402D4BD00B6307E /* Debug */ = {
			isa = XCBuildConfiguration;
			baseConfigurationReference = 6784C23BA5B913AE16B73644 /* Pods-NoteWithFireStoreTests.debug.xcconfig */;
			buildSettings = {
				ALWAYS_EMBED_SWIFT_STANDARD_LIBRARIES = YES;
				BUNDLE_LOADER = "$(TEST_HOST)";
				CODE_SIGN_STYLE = Automatic;
				INFOPLIST_FILE = NoteWithFireStoreTests/Info.plist;
				IPHONEOS_DEPLOYMENT_TARGET = 13.2;
				LD_RUNPATH_SEARCH_PATHS = (
					"$(inherited)",
					"@executable_path/Frameworks",
					"@loader_path/Frameworks",
				);
				PRODUCT_BUNDLE_IDENTIFIER = RMIT.NoteWithFireStoreTests;
				PRODUCT_NAME = "$(TARGET_NAME)";
				SWIFT_VERSION = 5.0;
				TARGETED_DEVICE_FAMILY = "1,2";
				TEST_HOST = "$(BUILT_PRODUCTS_DIR)/NoteWithFireStore.app/NoteWithFireStore";
			};
			name = Debug;
		};
		18FE54732402D4BD00B6307E /* Release */ = {
			isa = XCBuildConfiguration;
			baseConfigurationReference = F31FCC45830ED1826889595F /* Pods-NoteWithFireStoreTests.release.xcconfig */;
			buildSettings = {
				ALWAYS_EMBED_SWIFT_STANDARD_LIBRARIES = YES;
				BUNDLE_LOADER = "$(TEST_HOST)";
				CODE_SIGN_STYLE = Automatic;
				INFOPLIST_FILE = NoteWithFireStoreTests/Info.plist;
				IPHONEOS_DEPLOYMENT_TARGET = 13.2;
				LD_RUNPATH_SEARCH_PATHS = (
					"$(inherited)",
					"@executable_path/Frameworks",
					"@loader_path/Frameworks",
				);
				PRODUCT_BUNDLE_IDENTIFIER = RMIT.NoteWithFireStoreTests;
				PRODUCT_NAME = "$(TARGET_NAME)";
				SWIFT_VERSION = 5.0;
				TARGETED_DEVICE_FAMILY = "1,2";
				TEST_HOST = "$(BUILT_PRODUCTS_DIR)/NoteWithFireStore.app/NoteWithFireStore";
			};
			name = Release;
		};
		18FE54752402D4BD00B6307E /* Debug */ = {
			isa = XCBuildConfiguration;
			baseConfigurationReference = 41CE0D1E950FD607E02B57E4 /* Pods-NoteWithFireStore-NoteWithFireStoreUITests.debug.xcconfig */;
			buildSettings = {
				ALWAYS_EMBED_SWIFT_STANDARD_LIBRARIES = YES;
				CODE_SIGN_STYLE = Automatic;
				INFOPLIST_FILE = NoteWithFireStoreUITests/Info.plist;
				LD_RUNPATH_SEARCH_PATHS = (
					"$(inherited)",
					"@executable_path/Frameworks",
					"@loader_path/Frameworks",
				);
				PRODUCT_BUNDLE_IDENTIFIER = RMIT.NoteWithFireStoreUITests;
				PRODUCT_NAME = "$(TARGET_NAME)";
				SWIFT_VERSION = 5.0;
				TARGETED_DEVICE_FAMILY = "1,2";
				TEST_TARGET_NAME = NoteWithFireStore;
			};
			name = Debug;
		};
		18FE54762402D4BD00B6307E /* Release */ = {
			isa = XCBuildConfiguration;
			baseConfigurationReference = C380780555667AD0D6CBA67E /* Pods-NoteWithFireStore-NoteWithFireStoreUITests.release.xcconfig */;
			buildSettings = {
				ALWAYS_EMBED_SWIFT_STANDARD_LIBRARIES = YES;
				CODE_SIGN_STYLE = Automatic;
				INFOPLIST_FILE = NoteWithFireStoreUITests/Info.plist;
				LD_RUNPATH_SEARCH_PATHS = (
					"$(inherited)",
					"@executable_path/Frameworks",
					"@loader_path/Frameworks",
				);
				PRODUCT_BUNDLE_IDENTIFIER = RMIT.NoteWithFireStoreUITests;
				PRODUCT_NAME = "$(TARGET_NAME)";
				SWIFT_VERSION = 5.0;
				TARGETED_DEVICE_FAMILY = "1,2";
				TEST_TARGET_NAME = NoteWithFireStore;
			};
			name = Release;
		};
/* End XCBuildConfiguration section */

/* Begin XCConfigurationList section */
		18FE543F2402D4B600B6307E /* Build configuration list for PBXProject "NoteWithFireStore" */ = {
			isa = XCConfigurationList;
			buildConfigurations = (
				18FE546C2402D4BD00B6307E /* Debug */,
				18FE546D2402D4BD00B6307E /* Release */,
			);
			defaultConfigurationIsVisible = 0;
			defaultConfigurationName = Release;
		};
		18FE546E2402D4BD00B6307E /* Build configuration list for PBXNativeTarget "NoteWithFireStore" */ = {
			isa = XCConfigurationList;
			buildConfigurations = (
				18FE546F2402D4BD00B6307E /* Debug */,
				18FE54702402D4BD00B6307E /* Release */,
			);
			defaultConfigurationIsVisible = 0;
			defaultConfigurationName = Release;
		};
		18FE54712402D4BD00B6307E /* Build configuration list for PBXNativeTarget "NoteWithFireStoreTests" */ = {
			isa = XCConfigurationList;
			buildConfigurations = (
				18FE54722402D4BD00B6307E /* Debug */,
				18FE54732402D4BD00B6307E /* Release */,
			);
			defaultConfigurationIsVisible = 0;
			defaultConfigurationName = Release;
		};
		18FE54742402D4BD00B6307E /* Build configuration list for PBXNativeTarget "NoteWithFireStoreUITests" */ = {
			isa = XCConfigurationList;
			buildConfigurations = (
				18FE54752402D4BD00B6307E /* Debug */,
				18FE54762402D4BD00B6307E /* Release */,
			);
			defaultConfigurationIsVisible = 0;
			defaultConfigurationName = Release;
		};
/* End XCConfigurationList section */
	};
	rootObject = 18FE543C2402D4B600B6307E /* Project object */;
}
